
Microsoft Visual Studio Solution File, Format Version 12.00
# Visual Studio Version 17
VisualStudioVersion = 17.5.002.0
MinimumVisualStudioVersion = 10.0.40219.1
Project("{2150E333-8FDC-42A3-9474-1A3956D46DE8}") = "Brasilenha", "Brasilenha", "{8A56FABA-4B57-4E03-8DE7-D442275153AB}"
EndProject
Project("{9A19103F-16F7-4668-BE54-9A1E7A4F7556}") = "Backend", "Brasilenha\Backend\Backend.csproj", "{E70430E2-6C1D-4C6D-9304-C2C4001CA840}"
EndProject
Global
	GlobalSection(SolutionConfigurationPlatforms) = preSolution
		Debug|Any CPU = Debug|Any CPU
		Release|Any CPU = Release|Any CPU
	EndGlobalSection
	GlobalSection(ProjectConfigurationPlatforms) = postSolution
		{E70430E2-6C1D-4C6D-9304-C2C4001CA840}.Debug|Any CPU.ActiveCfg = Debug|Any CPU
		{E70430E2-6C1D-4C6D-9304-C2C4001CA840}.Debug|Any CPU.Build.0 = Debug|Any CPU
		{E70430E2-6C1D-4C6D-9304-C2C4001CA840}.Release|Any CPU.ActiveCfg = Release|Any CPU
		{E70430E2-6C1D-4C6D-9304-C2C4001CA840}.Release|Any CPU.Build.0 = Release|Any CPU
	EndGlobalSection
	GlobalSection(SolutionProperties) = preSolution
		HideSolutionNode = FALSE
	EndGlobalSection
	GlobalSection(NestedProjects) = preSolution
		{E70430E2-6C1D-4C6D-9304-C2C4001CA840} = {8A56FABA-4B57-4E03-8DE7-D442275153AB}
	EndGlobalSection
	GlobalSection(ExtensibilityGlobals) = postSolution
		SolutionGuid = {65CC7994-8552-4BFF-A599-6C6A04517655}
	EndGlobalSection
EndGlobal
